version = 1
requires-python = ">=3.11"

[[package]]
name = "adafruit-ampy"
version = "1.1.0"
source = { registry = "https://pypi.org/simple" }
dependencies = [
    { name = "click" },
    { name = "pyserial" },
    { name = "python-dotenv" },
]
sdist = { url = "https://files.pythonhosted.org/packages/cb/4c/a06ed997ecd5d92115becf4689adfb904b1006e749831fde65593b27b638/adafruit-ampy-1.1.0.tar.gz", hash = "sha256:f4cba36f564096f2aafd173f7fbabb845365cc3bb3f41c37541edf98b58d3976", size = 17900 }
wheels = [
    { url = "https://files.pythonhosted.org/packages/a3/87/7749376a6162d49f11141f9441fe74647626503ae60f493533212aa500e0/adafruit_ampy-1.1.0-py2.py3-none-any.whl", hash = "sha256:4a74812226e53c17d01eb828633424bc4f4fe76b9499a7b35eba6fc2532635b7", size = 16873 },
]

[[package]]
name = "click"
version = "8.1.8"
source = { registry = "https://pypi.org/simple" }
dependencies = [
    { name = "colorama", marker = "sys_platform == 'win32'" },
]
sdist = { url = "https://files.pythonhosted.org/packages/b9/2e/0090cbf739cee7d23781ad4b89a9894a41538e4fcf4c31dcdd705b78eb8b/click-8.1.8.tar.gz", hash = "sha256:ed53c9d8990d83c2a27deae68e4ee337473f6330c040a31d4225c9574d16096a", size = 226593 }
wheels = [
    { url = "https://files.pythonhosted.org/packages/7e/d4/7ebdbd03970677812aac39c869717059dbb71a4cfc033ca6e5221787892c/click-8.1.8-py3-none-any.whl", hash = "sha256:63c132bbbed01578a06712a2d1f497bb62d9c1c0d329b7903a866228027263b2", size = 98188 },
]

[[package]]
name = "colorama"
version = "0.4.6"
source = { registry = "https://pypi.org/simple" }
sdist = { url = "https://files.pythonhosted.org/packages/d8/53/6f443c9a4a8358a93a6792e2acffb9d9d5cb0a5cfd8802644b7b1c9a02e4/colorama-0.4.6.tar.gz", hash = "sha256:08695f5cb7ed6e0531a20572697297273c47b8cae5a63ffc6d6ed5c201be6e44", size = 27697 }
wheels = [
    { url = "https://files.pythonhosted.org/packages/d1/d6/3965ed04c63042e047cb6a3e6ed1a63a35087b6a609aa3a15ed8ac56c221/colorama-0.4.6-py2.py3-none-any.whl", hash = "sha256:4f1d9991f5acc0ca119f9d443620b77f9d6b33703e51011c16baf57afb285fc6", size = 25335 },
]

[[package]]
name = "micropython-rp2-stubs"
version = "1.22.1.post2"
source = { registry = "https://pypi.org/simple" }
dependencies = [
    { name = "micropython-stdlib-stubs" },
]
sdist = { url = "https://files.pythonhosted.org/packages/fe/60/261800313c75f478b7fa7c2b1e285f6508c8d7d9d8622b44d0c4f33fe4d6/micropython_rp2_stubs-1.22.1.post2.tar.gz", hash = "sha256:734cd820d78270e6cfb96e05323088aff284a216400bd5ea0a172bb25b0fa84f", size = 84678 }
wheels = [
    { url = "https://files.pythonhosted.org/packages/00/30/1947640942c1d787a70ab19385754b8a896ba087b9799725fb95fa3a9772/micropython_rp2_stubs-1.22.1.post2-py3-none-any.whl", hash = "sha256:5b7b1d38e7094de824a6deb1224d4d4bb5c1ed0f8be40204c5ea19e3e04a4e47", size = 114253 },
]

[[package]]
name = "micropython-stdlib-stubs"
version = "1.24.0"
source = { registry = "https://pypi.org/simple" }
sdist = { url = "https://files.pythonhosted.org/packages/87/d9/1bce23947ab0a8cc1c632f86a49b50dfb7a03f34d87223a0ba0e8b9a74cb/micropython_stdlib_stubs-1.24.0.tar.gz", hash = "sha256:36af8fb242d211a21df12735bdb8cd1ef472e3582a75dba6e2b1f93529915861", size = 93198 }
wheels = [
    { url = "https://files.pythonhosted.org/packages/51/66/e5a16728d04d2a682e9c9ab3f92e741f36a9110eac12355adb5c9f8c3569/micropython_stdlib_stubs-1.24.0-py3-none-any.whl", hash = "sha256:caa1c86b4410453eb8661b53b4a51f8f848f83e1b5dec8223c0f1b455961bdeb", size = 116619 },
]

[[package]]
name = "pong"
version = "0.1.0"
source = { virtual = "." }
dependencies = [
    { name = "adafruit-ampy" },
    { name = "micropython-rp2-stubs" },
    { name = "rshell" },
    { name = "ruff" },
]

[package.metadata]
requires-dist = [
    { name = "adafruit-ampy", specifier = ">=1.1.0" },
    { name = "micropython-rp2-stubs", specifier = "==1.22.1.post2" },
    { name = "rshell", specifier = ">=0.0.36" },
    { name = "ruff", specifier = ">=0.9.0" },
]

[[package]]
name = "pyreadline"
version = "2.1"
source = { registry = "https://pypi.org/simple" }
sdist = { url = "https://files.pythonhosted.org/packages/bc/7c/d724ef1ec3ab2125f38a1d53285745445ec4a8f19b9bb0761b4064316679/pyreadline-2.1.zip", hash = "sha256:4530592fc2e85b25b1a9f79664433da09237c1a270e4d78ea5aa3a2c7229e2d1", size = 109189 }

[[package]]
name = "pyserial"
version = "3.5"
source = { registry = "https://pypi.org/simple" }
sdist = { url = "https://files.pythonhosted.org/packages/1e/7d/ae3f0a63f41e4d2f6cb66a5b57197850f919f59e558159a4dd3a818f5082/pyserial-3.5.tar.gz", hash = "sha256:3c77e014170dfffbd816e6ffc205e9842efb10be9f58ec16d3e8675b4925cddb", size = 159125 }
wheels = [
    { url = "https://files.pythonhosted.org/packages/07/bc/587a445451b253b285629263eb51c2d8e9bcea4fc97826266d186f96f558/pyserial-3.5-py2.py3-none-any.whl", hash = "sha256:c4451db6ba391ca6ca299fb3ec7bae67a5c55dde170964c7a14ceefec02f2cf0", size = 90585 },
]

[[package]]
name = "python-dotenv"
version = "1.0.1"
source = { registry = "https://pypi.org/simple" }
sdist = { url = "https://files.pythonhosted.org/packages/bc/57/e84d88dfe0aec03b7a2d4327012c1627ab5f03652216c63d49846d7a6c58/python-dotenv-1.0.1.tar.gz", hash = "sha256:e324ee90a023d808f1959c46bcbc04446a10ced277783dc6ee09987c37ec10ca", size = 39115 }
wheels = [
    { url = "https://files.pythonhosted.org/packages/6a/3e/b68c118422ec867fa7ab88444e1274aa40681c606d59ac27de5a5588f082/python_dotenv-1.0.1-py3-none-any.whl", hash = "sha256:f7b63ef50f1b690dddf550d03497b66d609393b40b564ed0d674909a68ebf16a", size = 19863 },
]

[[package]]
name = "pyudev"
version = "0.24.3"
source = { registry = "https://pypi.org/simple" }
sdist = { url = "https://files.pythonhosted.org/packages/c4/5c/6cc034da13830e3da123ccf9a30910bc868fa16670362f004e4b788d0df1/pyudev-0.24.3.tar.gz", hash = "sha256:2e945427a21674893bb97632401db62139d91cea1ee96137cc7b07ad22198fc7", size = 55970 }
wheels = [
    { url = "https://files.pythonhosted.org/packages/9d/3b/c37870f68ceb067707ca7b04db364a1478fcd40c6194007fb6e492ff9a92/pyudev-0.24.3-py3-none-any.whl", hash = "sha256:e8246f0a014fe370119ba2bc781bfbe62c0298d0d6b39c94e83102a8a3f56960", size = 62677 },
]

[[package]]
name = "rshell"
version = "0.0.36"
source = { registry = "https://pypi.org/simple" }
dependencies = [
    { name = "pyreadline", marker = "sys_platform == 'win32'" },
    { name = "pyserial" },
    { name = "pyudev" },
]
sdist = { url = "https://files.pythonhosted.org/packages/c7/ce/d802cd6363e709f36652c27c47d1ec411bc11eeb25bb472c711855e56038/rshell-0.0.36.tar.gz", hash = "sha256:4a66d835207479550e59d0dd3e83003d04c4eca78a4e49250f887ed2dd4b0bf5", size = 48786 }

[[package]]
name = "ruff"
version = "0.9.0"
source = { registry = "https://pypi.org/simple" }
sdist = { url = "https://files.pythonhosted.org/packages/75/48/385f276f41e89623a5ea8e4eb9c619a44fdfc2a64849916b3584eca6cb9f/ruff-0.9.0.tar.gz", hash = "sha256:143f68fa5560ecf10fc49878b73cee3eab98b777fcf43b0e62d43d42f5ef9d8b", size = 3489167 }
wheels = [
    { url = "https://files.pythonhosted.org/packages/e9/01/e0885e5519212efc7ab9d868bc39cb9781931c4c6f9b17becafa81193ec4/ruff-0.9.0-py3-none-linux_armv6l.whl", hash = "sha256:949b3513f931741e006cf267bf89611edff04e1f012013424022add3ce78f319", size = 10647069 },
    { url = "https://files.pythonhosted.org/packages/dd/69/510a9a5781dcf84c2ad513c2003936fefc802f39c745d5f2355d77fa45fd/ruff-0.9.0-py3-none-macosx_10_12_x86_64.whl", hash = "sha256:99fbcb8c7fe94ae1e462ab2a1ef17cb20b25fb6438b9f198b1bcf5207a0a7916", size = 10401936 },
    { url = "https://files.pythonhosted.org/packages/07/9f/37fb86bfdf28c4cbfe94cbcc01fb9ab0cb8128548f243f34d5298b212562/ruff-0.9.0-py3-none-macosx_11_0_arm64.whl", hash = "sha256:0b022afd8eb0fcfce1e0adec84322abf4d6ce3cd285b3b99c4f17aae7decf749", size = 10010347 },
    { url = "https://files.pythonhosted.org/packages/30/0d/b95121f53c7f7bfb7ba427a35d25f983ed3b476620c5cd69f45caa5b294e/ruff-0.9.0-py3-none-manylinux_2_17_aarch64.manylinux2014_aarch64.whl", hash = "sha256:336567ce92c9ca8ec62780d07b5fa11fbc881dc7bb40958f93a7d621e7ab4589", size = 10882152 },
    { url = "https://files.pythonhosted.org/packages/d4/0b/a955cb6b19eb900c4c594707ab72132ce2d5cd8b5565137fb8fed21b8f08/ruff-0.9.0-py3-none-manylinux_2_17_armv7l.manylinux2014_armv7l.whl", hash = "sha256:d338336c44bda602dc8e8766836ac0441e5b0dfeac3af1bd311a97ebaf087a75", size = 10405502 },
    { url = "https://files.pythonhosted.org/packages/1e/fa/9a6c70af74f20edd2519b89eb3322f4bfa399315cf306383443700f2d6b6/ruff-0.9.0-py3-none-manylinux_2_17_i686.manylinux2014_i686.whl", hash = "sha256:d9b3ececf523d733e90b540e7afcc0494189e8999847f8855747acd5a9a8c45f", size = 11465069 },
    { url = "https://files.pythonhosted.org/packages/ee/8b/7effac8915470da496be009fe861060baff2692f92801976b2c01cdc8c54/ruff-0.9.0-py3-none-manylinux_2_17_ppc64.manylinux2014_ppc64.whl", hash = "sha256:a11c0872a31232e473e2e0e2107f3d294dbadd2f83fb281c3eb1c22a24866924", size = 12176850 },
    { url = "https://files.pythonhosted.org/packages/bd/ed/626179786889eca47b1e821c1582622ac0c1c8f01d60ac974f8b96867a57/ruff-0.9.0-py3-none-manylinux_2_17_ppc64le.manylinux2014_ppc64le.whl", hash = "sha256:b5fd06220c17a9cc0dc7fc6552f2ac4db74e8e8bff9c401d160ac59d00566f54", size = 11700963 },
    { url = "https://files.pythonhosted.org/packages/75/79/094c34ddec47fd3c61a0bc5e83ca164344c592949cff91f05961fd40922e/ruff-0.9.0-py3-none-manylinux_2_17_s390x.manylinux2014_s390x.whl", hash = "sha256:0457e775c74bf3976243f910805242b7dcd389e1d440deccbd1194ca17a5728c", size = 13096560 },
    { url = "https://files.pythonhosted.org/packages/e7/23/ec85dca0dcb329835197401734501bfa1d39e72343df64628c67b72bcbf5/ruff-0.9.0-py3-none-manylinux_2_17_x86_64.manylinux2014_x86_64.whl", hash = "sha256:05415599bbcb318f730ea1b46a39e4fbf71f6a63fdbfa1dda92efb55f19d7ecf", size = 11278658 },
    { url = "https://files.pythonhosted.org/packages/6c/17/1b3ea5f06578ea1daa08ac35f9de099d1827eea6e116a8cabbf11235c925/ruff-0.9.0-py3-none-musllinux_1_2_aarch64.whl", hash = "sha256:fbf9864b009e43cfc1c8bed1a6a4c529156913105780af4141ca4342148517f5", size = 10879847 },
    { url = "https://files.pythonhosted.org/packages/a6/e5/00bc97d6f419da03c0d898e95cca77311494e7274dc7cc17d94976e32e52/ruff-0.9.0-py3-none-musllinux_1_2_armv7l.whl", hash = "sha256:37b3da222b12e2bb2ce628e02586ab4846b1ed7f31f42a5a0683b213453b2d49", size = 10494220 },
    { url = "https://files.pythonhosted.org/packages/cc/70/d0a23d94f3e40b7ffac0e5506f33bb504672569173781a6c7cab0db6a4ba/ruff-0.9.0-py3-none-musllinux_1_2_i686.whl", hash = "sha256:733c0fcf2eb0c90055100b4ed1af9c9d87305b901a8feb6a0451fa53ed88199d", size = 11004182 },
    { url = "https://files.pythonhosted.org/packages/20/8e/367cf8e401890f823d0e4eb33635d0113719d5660b6522b7295376dd95fd/ruff-0.9.0-py3-none-musllinux_1_2_x86_64.whl", hash = "sha256:8221a454bfe5ccdf8017512fd6bb60e6ec30f9ea252b8a80e5b73619f6c3cefd", size = 11345761 },
    { url = "https://files.pythonhosted.org/packages/fe/08/4b54e02da73060ebc29368ab15868613f7d2496bde3b01d284d5423646bc/ruff-0.9.0-py3-none-win32.whl", hash = "sha256:d345f2178afd192c7991ddee59155c58145e12ad81310b509bd2e25c5b0247b3", size = 8807005 },
    { url = "https://files.pythonhosted.org/packages/a1/a7/0b422971e897c51bf805f998d75bcfe5d4d858f5002203832875fc91b733/ruff-0.9.0-py3-none-win_amd64.whl", hash = "sha256:0cbc0905d94d21305872f7f8224e30f4bbcd532bc21b2225b2446d8fc7220d19", size = 9689974 },
    { url = "https://files.pythonhosted.org/packages/73/0e/c00f66731e514be3299801b1d9d54efae0abfe8f00a5c14155f2ab9e2920/ruff-0.9.0-py3-none-win_arm64.whl", hash = "sha256:7b1148771c6ca88f820d761350a053a5794bc58e0867739ea93eb5e41ad978cd", size = 9147729 },
]
